
Microsoft Visual Studio Solution File, Format Version 12.00
# Visual Studio Version 17
VisualStudioVersion = 17.8.34330.188
MinimumVisualStudioVersion = 10.0.40219.1
Project("{FAE04EC0-301F-11D3-BF4B-00C04F79EFBC}") = "SeaBattle", "SeaBattle\SeaBattle.csproj", "{51C3B8A1-014B-45A3-9185-91E86A38442E}"
EndProject
Global
	GlobalSection(SolutionConfigurationPlatforms) = preSolution
		Debug|Any CPU = Debug|Any CPU
		Release|Any CPU = Release|Any CPU
	EndGlobalSection
	GlobalSection(ProjectConfigurationPlatforms) = postSolution
		{51C3B8A1-014B-45A3-9185-91E86A38442E}.Debug|Any CPU.ActiveCfg = Debug|Any CPU
		{51C3B8A1-014B-45A3-9185-91E86A38442E}.Debug|Any CPU.Build.0 = Debug|Any CPU
		{51C3B8A1-014B-45A3-9185-91E86A38442E}.Release|Any CPU.ActiveCfg = Release|Any CPU
		{51C3B8A1-014B-45A3-9185-91E86A38442E}.Release|Any CPU.Build.0 = Release|Any CPU
	EndGlobalSection
	GlobalSection(SolutionProperties) = preSolution
		HideSolutionNode = FALSE
	EndGlobalSection
	GlobalSection(ExtensibilityGlobals) = postSolution
		SolutionGuid = {C4D7C064-FF1B-4BA5-BED9-CBBBC36CD224}
	EndGlobalSection
EndGlobal
